
Microsoft Visual Studio Solution File, Format Version 12.00
# Visual Studio Version 17
VisualStudioVersion = 17.10.35013.160
MinimumVisualStudioVersion = 10.0.40219.1
Project("{FAE04EC0-301F-11D3-BF4B-00C04F79EFBC}") = "Server", "Server\Server.csproj", "{1C5834F0-8DF1-4C20-8E6B-07F022C548B6}"
EndProject
Project("{FAE04EC0-301F-11D3-BF4B-00C04F79EFBC}") = "Client", "Client\Client.csproj", "{F2AF6D06-568B-4F80-BEC1-DDB651C25733}"
EndProject
Project("{FAE04EC0-301F-11D3-BF4B-00C04F79EFBC}") = "BaseLibrary", "BaseLibrary\BaseLibrary.csproj", "{2527A845-752D-4799-B319-A515BA0611B2}"
EndProject
Project("{FAE04EC0-301F-11D3-BF4B-00C04F79EFBC}") = "ClientLibrary", "ClientLibrary\ClientLibrary.csproj", "{B369C131-348C-4053-B3C5-C5834E4176AE}"
EndProject
Project("{FAE04EC0-301F-11D3-BF4B-00C04F79EFBC}") = "ServerLibrary", "ServerLibrary\ServerLibrary.csproj", "{10C01181-3819-4B0D-8552-6DD941AA1CF8}"
EndProject
Global
	GlobalSection(SolutionConfigurationPlatforms) = preSolution
		Debug|Any CPU = Debug|Any CPU
		Release|Any CPU = Release|Any CPU
	EndGlobalSection
	GlobalSection(ProjectConfigurationPlatforms) = postSolution
		{1C5834F0-8DF1-4C20-8E6B-07F022C548B6}.Debug|Any CPU.ActiveCfg = Debug|Any CPU
		{1C5834F0-8DF1-4C20-8E6B-07F022C548B6}.Debug|Any CPU.Build.0 = Debug|Any CPU
		{1C5834F0-8DF1-4C20-8E6B-07F022C548B6}.Release|Any CPU.ActiveCfg = Release|Any CPU
		{1C5834F0-8DF1-4C20-8E6B-07F022C548B6}.Release|Any CPU.Build.0 = Release|Any CPU
		{F2AF6D06-568B-4F80-BEC1-DDB651C25733}.Debug|Any CPU.ActiveCfg = Debug|Any CPU
		{F2AF6D06-568B-4F80-BEC1-DDB651C25733}.Debug|Any CPU.Build.0 = Debug|Any CPU
		{F2AF6D06-568B-4F80-BEC1-DDB651C25733}.Release|Any CPU.ActiveCfg = Release|Any CPU
		{F2AF6D06-568B-4F80-BEC1-DDB651C25733}.Release|Any CPU.Build.0 = Release|Any CPU
		{2527A845-752D-4799-B319-A515BA0611B2}.Debug|Any CPU.ActiveCfg = Debug|Any CPU
		{2527A845-752D-4799-B319-A515BA0611B2}.Debug|Any CPU.Build.0 = Debug|Any CPU
		{2527A845-752D-4799-B319-A515BA0611B2}.Release|Any CPU.ActiveCfg = Release|Any CPU
		{2527A845-752D-4799-B319-A515BA0611B2}.Release|Any CPU.Build.0 = Release|Any CPU
		{B369C131-348C-4053-B3C5-C5834E4176AE}.Debug|Any CPU.ActiveCfg = Debug|Any CPU
		{B369C131-348C-4053-B3C5-C5834E4176AE}.Debug|Any CPU.Build.0 = Debug|Any CPU
		{B369C131-348C-4053-B3C5-C5834E4176AE}.Release|Any CPU.ActiveCfg = Release|Any CPU
		{B369C131-348C-4053-B3C5-C5834E4176AE}.Release|Any CPU.Build.0 = Release|Any CPU
		{10C01181-3819-4B0D-8552-6DD941AA1CF8}.Debug|Any CPU.ActiveCfg = Debug|Any CPU
		{10C01181-3819-4B0D-8552-6DD941AA1CF8}.Debug|Any CPU.Build.0 = Debug|Any CPU
		{10C01181-3819-4B0D-8552-6DD941AA1CF8}.Release|Any CPU.ActiveCfg = Release|Any CPU
		{10C01181-3819-4B0D-8552-6DD941AA1CF8}.Release|Any CPU.Build.0 = Release|Any CPU
	EndGlobalSection
	GlobalSection(SolutionProperties) = preSolution
		HideSolutionNode = FALSE
	EndGlobalSection
	GlobalSection(ExtensibilityGlobals) = postSolution
		SolutionGuid = {48165435-DA42-4B43-912F-9D58D80A8F4F}
	EndGlobalSection
EndGlobal
